
Microsoft Visual Studio Solution File, Format Version 12.00
# Visual Studio Version 17
VisualStudioVersion = 17.0.31612.314
MinimumVisualStudioVersion = 10.0.40219.1
Project("{9A19103F-16F7-4668-BE54-9A1E7A4F7556}") = "InsuranceSolution.Api", "InsuranceSolution.Api\InsuranceSolution.Api.csproj", "{00AA8EB7-95CC-4572-9244-E7AD76403306}"
EndProject
Project("{9A19103F-16F7-4668-BE54-9A1E7A4F7556}") = "InsuranceSolution.Models", "InsuranceSolution.Models\InsuranceSolution.Models.csproj", "{ED48E617-C171-42FD-A670-CD1188FF0182}"
EndProject
Project("{FAE04EC0-301F-11D3-BF4B-00C04F79EFBC}") = "InsuranceSolution.Shared", "InsuranceSolution.Shared\InsuranceSolution.Shared.csproj", "{F91A1038-0FEB-4F4D-AE80-DE9E6800AFE9}"
EndProject
Global
	GlobalSection(SolutionConfigurationPlatforms) = preSolution
		Debug|Any CPU = Debug|Any CPU
		Release|Any CPU = Release|Any CPU
	EndGlobalSection
	GlobalSection(ProjectConfigurationPlatforms) = postSolution
		{00AA8EB7-95CC-4572-9244-E7AD76403306}.Debug|Any CPU.ActiveCfg = Debug|Any CPU
		{00AA8EB7-95CC-4572-9244-E7AD76403306}.Debug|Any CPU.Build.0 = Debug|Any CPU
		{00AA8EB7-95CC-4572-9244-E7AD76403306}.Release|Any CPU.ActiveCfg = Release|Any CPU
		{00AA8EB7-95CC-4572-9244-E7AD76403306}.Release|Any CPU.Build.0 = Release|Any CPU
		{ED48E617-C171-42FD-A670-CD1188FF0182}.Debug|Any CPU.ActiveCfg = Debug|Any CPU
		{ED48E617-C171-42FD-A670-CD1188FF0182}.Debug|Any CPU.Build.0 = Debug|Any CPU
		{ED48E617-C171-42FD-A670-CD1188FF0182}.Release|Any CPU.ActiveCfg = Release|Any CPU
		{ED48E617-C171-42FD-A670-CD1188FF0182}.Release|Any CPU.Build.0 = Release|Any CPU
		{F91A1038-0FEB-4F4D-AE80-DE9E6800AFE9}.Debug|Any CPU.ActiveCfg = Debug|Any CPU
		{F91A1038-0FEB-4F4D-AE80-DE9E6800AFE9}.Debug|Any CPU.Build.0 = Debug|Any CPU
		{F91A1038-0FEB-4F4D-AE80-DE9E6800AFE9}.Release|Any CPU.ActiveCfg = Release|Any CPU
		{F91A1038-0FEB-4F4D-AE80-DE9E6800AFE9}.Release|Any CPU.Build.0 = Release|Any CPU
	EndGlobalSection
	GlobalSection(SolutionProperties) = preSolution
		HideSolutionNode = FALSE
	EndGlobalSection
	GlobalSection(ExtensibilityGlobals) = postSolution
		SolutionGuid = {B12F64FB-5E30-4DF7-A75C-10D124112846}
	EndGlobalSection
EndGlobal
